
Microsoft Visual Studio Solution File, Format Version 12.00
# Visual Studio Version 17
VisualStudioVersion = 17.12.35514.174 d17.12
MinimumVisualStudioVersion = 10.0.40219.1
Project("{FAE04EC0-301F-11D3-BF4B-00C04F79EFBC}") = "Ref_Vs_Out", "Ref_Vs_Out\Ref_Vs_Out.csproj", "{673D69B1-21B9-49F9-8A4E-63FF4B469A85}"
EndProject
Global
	GlobalSection(SolutionConfigurationPlatforms) = preSolution
		Debug|Any CPU = Debug|Any CPU
		Release|Any CPU = Release|Any CPU
	EndGlobalSection
	GlobalSection(ProjectConfigurationPlatforms) = postSolution
		{673D69B1-21B9-49F9-8A4E-63FF4B469A85}.Debug|Any CPU.ActiveCfg = Debug|Any CPU
		{673D69B1-21B9-49F9-8A4E-63FF4B469A85}.Debug|Any CPU.Build.0 = Debug|Any CPU
		{673D69B1-21B9-49F9-8A4E-63FF4B469A85}.Release|Any CPU.ActiveCfg = Release|Any CPU
		{673D69B1-21B9-49F9-8A4E-63FF4B469A85}.Release|Any CPU.Build.0 = Release|Any CPU
	EndGlobalSection
	GlobalSection(SolutionProperties) = preSolution
		HideSolutionNode = FALSE
	EndGlobalSection
EndGlobal
